
Microsoft Visual Studio Solution File, Format Version 12.00
# Visual Studio Version 17
VisualStudioVersion = 17.8.34511.84
MinimumVisualStudioVersion = 10.0.40219.1
Project("{FAE04EC0-301F-11D3-BF4B-00C04F79EFBC}") = "Assinment", "Assinment\Assinment.csproj", "{C81ECE6C-0698-4CCB-80B2-B0D2330FA7AD}"
EndProject
Global
	GlobalSection(SolutionConfigurationPlatforms) = preSolution
		Debug|Any CPU = Debug|Any CPU
		Release|Any CPU = Release|Any CPU
	EndGlobalSection
	GlobalSection(ProjectConfigurationPlatforms) = postSolution
		{C81ECE6C-0698-4CCB-80B2-B0D2330FA7AD}.Debug|Any CPU.ActiveCfg = Debug|Any CPU
		{C81ECE6C-0698-4CCB-80B2-B0D2330FA7AD}.Debug|Any CPU.Build.0 = Debug|Any CPU
		{C81ECE6C-0698-4CCB-80B2-B0D2330FA7AD}.Release|Any CPU.ActiveCfg = Release|Any CPU
		{C81ECE6C-0698-4CCB-80B2-B0D2330FA7AD}.Release|Any CPU.Build.0 = Release|Any CPU
	EndGlobalSection
	GlobalSection(SolutionProperties) = preSolution
		HideSolutionNode = FALSE
	EndGlobalSection
	GlobalSection(ExtensibilityGlobals) = postSolution
		SolutionGuid = {AABCE30D-BBB0-4299-8A2B-9140355C80E0}
	EndGlobalSection
EndGlobal
